
Microsoft Visual Studio Solution File, Format Version 12.00
# Visual Studio Version 16
VisualStudioVersion = 16.0.29201.188
MinimumVisualStudioVersion = 10.0.40219.1
Project("{2150E333-8FDC-42A3-9474-1A3956D46DE8}") = "Domain", "Domain", "{338D41D4-558B-4C9E-BDCD-BAFB7C26CE66}"
EndProject
Project("{2150E333-8FDC-42A3-9474-1A3956D46DE8}") = "Infra.Bus", "Infra.Bus", "{918ECBAB-8725-4981-B977-6DDF15340782}"
EndProject
Project("{2150E333-8FDC-42A3-9474-1A3956D46DE8}") = "Infra.IoC", "Infra.IoC", "{34B52EBA-EB86-4E52-95D6-D542E379D5F9}"
EndProject
Project("{2150E333-8FDC-42A3-9474-1A3956D46DE8}") = "Microservices", "Microservices", "{D986CA90-020F-4CB7-BFF4-29AFA16BCF55}"
EndProject
Project("{2150E333-8FDC-42A3-9474-1A3956D46DE8}") = "Presentation", "Presentation", "{FD02777B-6029-41E9-9F03-2C5F0315C223}"
EndProject
Project("{9A19103F-16F7-4668-BE54-9A1E7A4F7556}") = "MicroRabbit.Domain.Core", "MicroRabbit.Domain.Core\MicroRabbit.Domain.Core.csproj", "{267F9DF0-5153-4ECD-80DE-36A3CF887C9D}"
EndProject
Project("{9A19103F-16F7-4668-BE54-9A1E7A4F7556}") = "MicroRabbit.Infra.Bus", "MicroRabbit.Infra.Bus\MicroRabbit.Infra.Bus.csproj", "{95C43B83-8EA8-4671-A2FA-7032BBB9F6ED}"
EndProject
Project("{9A19103F-16F7-4668-BE54-9A1E7A4F7556}") = "MicroRabbit.Infra.IoC", "MicroRabbit.Infra.IoC\MicroRabbit.Infra.IoC.csproj", "{454A671F-39BE-49A9-B15E-EA54DAD8C018}"
EndProject
Project("{2150E333-8FDC-42A3-9474-1A3956D46DE8}") = "Banking", "Banking", "{D618F837-FCBD-42EE-8A00-DE9A2023828B}"
EndProject
Project("{2150E333-8FDC-42A3-9474-1A3956D46DE8}") = "Api", "Api", "{33D82248-B443-4890-9412-7AFD78EEF78E}"
EndProject
Project("{2150E333-8FDC-42A3-9474-1A3956D46DE8}") = "Domain", "Domain", "{F3D0FAC6-CC9C-4EFD-89CA-E1F0FD282216}"
EndProject
Project("{2150E333-8FDC-42A3-9474-1A3956D46DE8}") = "Application", "Application", "{E2F00E3C-803C-49C5-90CA-AD1E0A16011B}"
EndProject
Project("{2150E333-8FDC-42A3-9474-1A3956D46DE8}") = "Data", "Data", "{C6F7E006-E299-4026-9C04-4AA8BACDF675}"
EndProject
Project("{9A19103F-16F7-4668-BE54-9A1E7A4F7556}") = "MicroRabbit.Banking.Api", "MicroRabbit.Banking.Api\MicroRabbit.Banking.Api.csproj", "{25D1E785-C3B3-4A39-B8FE-4F9BC0CDDB5D}"
EndProject
Project("{9A19103F-16F7-4668-BE54-9A1E7A4F7556}") = "MicroRabbit.Banking.Application", "MicroRabbit.Banking.Application\MicroRabbit.Banking.Application.csproj", "{9B425774-C024-4FE0-8490-7584C071680C}"
EndProject
Project("{9A19103F-16F7-4668-BE54-9A1E7A4F7556}") = "MicroRabbit.Banking.Data", "MicroRabbit.Banking.Data\MicroRabbit.Banking.Data.csproj", "{0FFE93F6-3080-4B29-B517-E1C81E6B84A8}"
EndProject
Project("{9A19103F-16F7-4668-BE54-9A1E7A4F7556}") = "MicroRabbit.Banking.Domain", "MicroRabbit.Banking.Domain\MicroRabbit.Banking.Domain.csproj", "{029083F6-6643-4591-B541-45B5FBD6C388}"
EndProject
Project("{2150E333-8FDC-42A3-9474-1A3956D46DE8}") = "Transfer", "Transfer", "{C4C87E7B-9AA7-498D-BD78-A1DF1A0191C7}"
EndProject
Project("{2150E333-8FDC-42A3-9474-1A3956D46DE8}") = "Api", "Api", "{142C69DC-EE1B-472C-9695-0970122B783C}"
EndProject
Project("{2150E333-8FDC-42A3-9474-1A3956D46DE8}") = "Application", "Application", "{B826FB91-08D9-4B04-A6EE-71E01E2828BC}"
EndProject
Project("{2150E333-8FDC-42A3-9474-1A3956D46DE8}") = "Data", "Data", "{66BBA5A7-B9E2-4377-A498-844A1B5247CD}"
EndProject
Project("{2150E333-8FDC-42A3-9474-1A3956D46DE8}") = "Domain", "Domain", "{CE5CF1D7-04A5-4BD1-9970-477EC48562E5}"
EndProject
Project("{FAE04EC0-301F-11D3-BF4B-00C04F79EFBC}") = "MicroRabbit.Transfer.Domain", "MicroRabbit.Transfer.Domain\MicroRabbit.Transfer.Domain.csproj", "{2FBB8EE4-A4AE-458E-9BEA-58A462502BCA}"
EndProject
Project("{FAE04EC0-301F-11D3-BF4B-00C04F79EFBC}") = "MicroRabbit.Transfer.Data", "MicroRabbit.Transfer.Data\MicroRabbit.Transfer.Data.csproj", "{DE37BF1C-2F77-4242-A94A-F7B3AC33F456}"
EndProject
Project("{FAE04EC0-301F-11D3-BF4B-00C04F79EFBC}") = "MicroRabbit.Transfer.Application", "MicroRabbit.Transfer.Application\MicroRabbit.Transfer.Application.csproj", "{47A323C6-96E0-43FE-A5AA-37139F2B2C3D}"
EndProject
Project("{FAE04EC0-301F-11D3-BF4B-00C04F79EFBC}") = "MicroRabbit.Transfer.Api", "MicroRabbit.Transfer.Api\MicroRabbit.Transfer.Api.csproj", "{C08F5360-1399-4C1A-B9CB-C93B44C7183D}"
EndProject
Global
	GlobalSection(SolutionConfigurationPlatforms) = preSolution
		Debug|Any CPU = Debug|Any CPU
		Release|Any CPU = Release|Any CPU
	EndGlobalSection
	GlobalSection(ProjectConfigurationPlatforms) = postSolution
		{267F9DF0-5153-4ECD-80DE-36A3CF887C9D}.Debug|Any CPU.ActiveCfg = Debug|Any CPU
		{267F9DF0-5153-4ECD-80DE-36A3CF887C9D}.Debug|Any CPU.Build.0 = Debug|Any CPU
		{267F9DF0-5153-4ECD-80DE-36A3CF887C9D}.Release|Any CPU.ActiveCfg = Release|Any CPU
		{267F9DF0-5153-4ECD-80DE-36A3CF887C9D}.Release|Any CPU.Build.0 = Release|Any CPU
		{95C43B83-8EA8-4671-A2FA-7032BBB9F6ED}.Debug|Any CPU.ActiveCfg = Debug|Any CPU
		{95C43B83-8EA8-4671-A2FA-7032BBB9F6ED}.Debug|Any CPU.Build.0 = Debug|Any CPU
		{95C43B83-8EA8-4671-A2FA-7032BBB9F6ED}.Release|Any CPU.ActiveCfg = Release|Any CPU
		{95C43B83-8EA8-4671-A2FA-7032BBB9F6ED}.Release|Any CPU.Build.0 = Release|Any CPU
		{454A671F-39BE-49A9-B15E-EA54DAD8C018}.Debug|Any CPU.ActiveCfg = Debug|Any CPU
		{454A671F-39BE-49A9-B15E-EA54DAD8C018}.Debug|Any CPU.Build.0 = Debug|Any CPU
		{454A671F-39BE-49A9-B15E-EA54DAD8C018}.Release|Any CPU.ActiveCfg = Release|Any CPU
		{454A671F-39BE-49A9-B15E-EA54DAD8C018}.Release|Any CPU.Build.0 = Release|Any CPU
		{25D1E785-C3B3-4A39-B8FE-4F9BC0CDDB5D}.Debug|Any CPU.ActiveCfg = Debug|Any CPU
		{25D1E785-C3B3-4A39-B8FE-4F9BC0CDDB5D}.Debug|Any CPU.Build.0 = Debug|Any CPU
		{25D1E785-C3B3-4A39-B8FE-4F9BC0CDDB5D}.Release|Any CPU.ActiveCfg = Release|Any CPU
		{25D1E785-C3B3-4A39-B8FE-4F9BC0CDDB5D}.Release|Any CPU.Build.0 = Release|Any CPU
		{9B425774-C024-4FE0-8490-7584C071680C}.Debug|Any CPU.ActiveCfg = Debug|Any CPU
		{9B425774-C024-4FE0-8490-7584C071680C}.Debug|Any CPU.Build.0 = Debug|Any CPU
		{9B425774-C024-4FE0-8490-7584C071680C}.Release|Any CPU.ActiveCfg = Release|Any CPU
		{9B425774-C024-4FE0-8490-7584C071680C}.Release|Any CPU.Build.0 = Release|Any CPU
		{0FFE93F6-3080-4B29-B517-E1C81E6B84A8}.Debug|Any CPU.ActiveCfg = Debug|Any CPU
		{0FFE93F6-3080-4B29-B517-E1C81E6B84A8}.Debug|Any CPU.Build.0 = Debug|Any CPU
		{0FFE93F6-3080-4B29-B517-E1C81E6B84A8}.Release|Any CPU.ActiveCfg = Release|Any CPU
		{0FFE93F6-3080-4B29-B517-E1C81E6B84A8}.Release|Any CPU.Build.0 = Release|Any CPU
		{029083F6-6643-4591-B541-45B5FBD6C388}.Debug|Any CPU.ActiveCfg = Debug|Any CPU
		{029083F6-6643-4591-B541-45B5FBD6C388}.Debug|Any CPU.Build.0 = Debug|Any CPU
		{029083F6-6643-4591-B541-45B5FBD6C388}.Release|Any CPU.ActiveCfg = Release|Any CPU
		{029083F6-6643-4591-B541-45B5FBD6C388}.Release|Any CPU.Build.0 = Release|Any CPU
		{2FBB8EE4-A4AE-458E-9BEA-58A462502BCA}.Debug|Any CPU.ActiveCfg = Debug|Any CPU
		{2FBB8EE4-A4AE-458E-9BEA-58A462502BCA}.Debug|Any CPU.Build.0 = Debug|Any CPU
		{2FBB8EE4-A4AE-458E-9BEA-58A462502BCA}.Release|Any CPU.ActiveCfg = Release|Any CPU
		{2FBB8EE4-A4AE-458E-9BEA-58A462502BCA}.Release|Any CPU.Build.0 = Release|Any CPU
		{DE37BF1C-2F77-4242-A94A-F7B3AC33F456}.Debug|Any CPU.ActiveCfg = Debug|Any CPU
		{DE37BF1C-2F77-4242-A94A-F7B3AC33F456}.Debug|Any CPU.Build.0 = Debug|Any CPU
		{DE37BF1C-2F77-4242-A94A-F7B3AC33F456}.Release|Any CPU.ActiveCfg = Release|Any CPU
		{DE37BF1C-2F77-4242-A94A-F7B3AC33F456}.Release|Any CPU.Build.0 = Release|Any CPU
		{47A323C6-96E0-43FE-A5AA-37139F2B2C3D}.Debug|Any CPU.ActiveCfg = Debug|Any CPU
		{47A323C6-96E0-43FE-A5AA-37139F2B2C3D}.Debug|Any CPU.Build.0 = Debug|Any CPU
		{47A323C6-96E0-43FE-A5AA-37139F2B2C3D}.Release|Any CPU.ActiveCfg = Release|Any CPU
		{47A323C6-96E0-43FE-A5AA-37139F2B2C3D}.Release|Any CPU.Build.0 = Release|Any CPU
		{C08F5360-1399-4C1A-B9CB-C93B44C7183D}.Debug|Any CPU.ActiveCfg = Debug|Any CPU
		{C08F5360-1399-4C1A-B9CB-C93B44C7183D}.Debug|Any CPU.Build.0 = Debug|Any CPU
		{C08F5360-1399-4C1A-B9CB-C93B44C7183D}.Release|Any CPU.ActiveCfg = Release|Any CPU
		{C08F5360-1399-4C1A-B9CB-C93B44C7183D}.Release|Any CPU.Build.0 = Release|Any CPU
	EndGlobalSection
	GlobalSection(SolutionProperties) = preSolution
		HideSolutionNode = FALSE
	EndGlobalSection
	GlobalSection(NestedProjects) = preSolution
		{267F9DF0-5153-4ECD-80DE-36A3CF887C9D} = {338D41D4-558B-4C9E-BDCD-BAFB7C26CE66}
		{95C43B83-8EA8-4671-A2FA-7032BBB9F6ED} = {918ECBAB-8725-4981-B977-6DDF15340782}
		{454A671F-39BE-49A9-B15E-EA54DAD8C018} = {34B52EBA-EB86-4E52-95D6-D542E379D5F9}
		{D618F837-FCBD-42EE-8A00-DE9A2023828B} = {D986CA90-020F-4CB7-BFF4-29AFA16BCF55}
		{33D82248-B443-4890-9412-7AFD78EEF78E} = {D618F837-FCBD-42EE-8A00-DE9A2023828B}
		{F3D0FAC6-CC9C-4EFD-89CA-E1F0FD282216} = {D618F837-FCBD-42EE-8A00-DE9A2023828B}
		{E2F00E3C-803C-49C5-90CA-AD1E0A16011B} = {D618F837-FCBD-42EE-8A00-DE9A2023828B}
		{C6F7E006-E299-4026-9C04-4AA8BACDF675} = {D618F837-FCBD-42EE-8A00-DE9A2023828B}
		{25D1E785-C3B3-4A39-B8FE-4F9BC0CDDB5D} = {33D82248-B443-4890-9412-7AFD78EEF78E}
		{9B425774-C024-4FE0-8490-7584C071680C} = {E2F00E3C-803C-49C5-90CA-AD1E0A16011B}
		{0FFE93F6-3080-4B29-B517-E1C81E6B84A8} = {C6F7E006-E299-4026-9C04-4AA8BACDF675}
		{029083F6-6643-4591-B541-45B5FBD6C388} = {F3D0FAC6-CC9C-4EFD-89CA-E1F0FD282216}
		{C4C87E7B-9AA7-498D-BD78-A1DF1A0191C7} = {D986CA90-020F-4CB7-BFF4-29AFA16BCF55}
		{142C69DC-EE1B-472C-9695-0970122B783C} = {C4C87E7B-9AA7-498D-BD78-A1DF1A0191C7}
		{B826FB91-08D9-4B04-A6EE-71E01E2828BC} = {C4C87E7B-9AA7-498D-BD78-A1DF1A0191C7}
		{66BBA5A7-B9E2-4377-A498-844A1B5247CD} = {C4C87E7B-9AA7-498D-BD78-A1DF1A0191C7}
		{CE5CF1D7-04A5-4BD1-9970-477EC48562E5} = {C4C87E7B-9AA7-498D-BD78-A1DF1A0191C7}
		{2FBB8EE4-A4AE-458E-9BEA-58A462502BCA} = {CE5CF1D7-04A5-4BD1-9970-477EC48562E5}
		{DE37BF1C-2F77-4242-A94A-F7B3AC33F456} = {66BBA5A7-B9E2-4377-A498-844A1B5247CD}
		{47A323C6-96E0-43FE-A5AA-37139F2B2C3D} = {B826FB91-08D9-4B04-A6EE-71E01E2828BC}
		{C08F5360-1399-4C1A-B9CB-C93B44C7183D} = {142C69DC-EE1B-472C-9695-0970122B783C}
	EndGlobalSection
	GlobalSection(ExtensibilityGlobals) = postSolution
		SolutionGuid = {56C70DE0-D405-43E1-B7E8-9DCC64BC8AF8}
	EndGlobalSection
EndGlobal
